<?xml version="1.0" encoding="utf-8"?>
<Project ToolsVersion="4.0" xmlns="http://schemas.microsoft.com/developer/msbuild/2003">
  <ItemGroup>
    <Filter Include="Source Files">
      <UniqueIdentifier>{4FC737F1-C7A5-4376-A066-2A32D752A2FF}</UniqueIdentifier>
      <Extensions>cpp;c;cc;cxx;c++;cppm;ixx;def;odl;idl;hpj;bat;asm;asmx</Extensions>
    </Filter>
    <Filter Include="Header Files">
      <UniqueIdentifier>{93995380-89BD-4b04-88EB-625FBE52EBFB}</UniqueIdentifier>
      <Extensions>h;hh;hpp;hxx;h++;hm;inl;inc;ipp;xsd</Extensions>
    </Filter>
    <Filter Include="Resource Files">
      <UniqueIdentifier>{67DA6AB6-F800-4c08-8B7A-83BB121AAD01}</UniqueIdentifier>
      <Extensions>rc;ico;cur;bmp;dlg;rc2;rct;bin;rgs;gif;jpg;jpeg;jpe;resx;tiff;tif;png;wav;mfcribbon-ms</Extensions>
    </Filter>
    <Filter Include="Header Files\FunStuffToDo">
      <UniqueIdentifier>{137f1cf2-7ba9-47b1-b78c-4ba160ac0b44}</UniqueIdentifier>
    </Filter>
    <Filter Include="Header Files\C++11">
      <UniqueIdentifier>{4ebb3f51-c7c9-4f46-be68-865401b7508e}</UniqueIdentifier>
    </Filter>
    <Filter Include="Header Files\Data Structures">
      <UniqueIdentifier>{a029cda8-0054-4ea3-a587-d1cbf8ed22f2}</UniqueIdentifier>
    </Filter>
    <Filter Include="Header Files\Data Structures\Graphs">
      <UniqueIdentifier>{e97ff3f0-b98b-402a-81fa-918dc243455a}</UniqueIdentifier>
    </Filter>
    <Filter Include="Header Files\C++14">
      <UniqueIdentifier>{db045063-9d43-4b5a-ad57-4b3c37d899c9}</UniqueIdentifier>
    </Filter>
    <Filter Include="Header Files\C++17">
      <UniqueIdentifier>{2e260d45-cf51-4af8-90f7-293b60c6d86b}</UniqueIdentifier>
    </Filter>
    <Filter Include="Header Files\C++20">
      <UniqueIdentifier>{2483a021-ed7d-46ce-a723-aab94c22df7e}</UniqueIdentifier>
    </Filter>
    <Filter Include="Header Files\DesignPatterns">
      <UniqueIdentifier>{00f03af9-e192-4bd9-af32-bdaba3a2723f}</UniqueIdentifier>
    </Filter>
  </ItemGroup>
  <ItemGroup>
    <ClCompile Include="CheckCPP.cpp">
      <Filter>Source Files</Filter>
    </ClCompile>
    <ClCompile Include="LinkedListCheck.cpp">
      <Filter>Header Files\Data Structures</Filter>
    </ClCompile>
  </ItemGroup>
  <ItemGroup>
    <ClInclude Include="KSumAddition.h">
      <Filter>Header Files\FunStuffToDo</Filter>
    </ClInclude>
    <ClInclude Include="GraphCheck.h">
      <Filter>Header Files\Data Structures\Graphs</Filter>
    </ClInclude>
    <ClInclude Include="GraphTraversalCheck.h">
      <Filter>Header Files\Data Structures\Graphs</Filter>
    </ClInclude>
    <ClInclude Include="NaiveGraphCheck.h">
      <Filter>Header Files\Data Structures\Graphs</Filter>
    </ClInclude>
    <ClInclude Include="RansomNote.h">
      <Filter>Header Files\FunStuffToDo</Filter>
    </ClInclude>
    <ClInclude Include="SudokuChallenge.h">
      <Filter>Header Files\FunStuffToDo</Filter>
    </ClInclude>
    <ClInclude Include="KSortQueue.h">
      <Filter>Header Files\FunStuffToDo</Filter>
    </ClInclude>
    <ClInclude Include="InheritanceOrderCheck.h">
      <Filter>Header Files\FunStuffToDo</Filter>
    </ClInclude>
    <ClInclude Include="AirplaneDestCheck.h">
      <Filter>Header Files\FunStuffToDo</Filter>
    </ClInclude>
    <ClInclude Include="MaxGridOnes.h">
      <Filter>Header Files\FunStuffToDo</Filter>
    </ClInclude>
    <ClInclude Include="LinkedListCheck.h">
      <Filter>Header Files\Data Structures</Filter>
    </ClInclude>
    <ClInclude Include="MapCheck.h">
      <Filter>Header Files\Data Structures</Filter>
    </ClInclude>
    <ClInclude Include="QueueCheck.h">
      <Filter>Header Files\Data Structures</Filter>
    </ClInclude>
    <ClInclude Include="StackCheck.h">
      <Filter>Header Files\Data Structures</Filter>
    </ClInclude>
    <ClInclude Include="VectorCheck.h">
      <Filter>Header Files\Data Structures</Filter>
    </ClInclude>
    <ClInclude Include="Variyadic Templates.h">
      <Filter>Header Files\C++11</Filter>
    </ClInclude>
    <ClInclude Include="CXX11.h">
      <Filter>Header Files\C++11</Filter>
    </ClInclude>
    <ClInclude Include="CXX14.h">
      <Filter>Header Files\C++14</Filter>
    </ClInclude>
    <ClInclude Include="FunctionPtrs.h">
      <Filter>Header Files\C++11</Filter>
    </ClInclude>
    <ClInclude Include="Multithreading.h">
      <Filter>Header Files\C++11</Filter>
    </ClInclude>
    <ClInclude Include="OOPCheck.h">
      <Filter>Header Files\C++11</Filter>
    </ClInclude>
    <ClInclude Include="PolymorphismCheck.h">
      <Filter>Header Files\C++11</Filter>
    </ClInclude>
    <ClInclude Include="CXX17.h">
      <Filter>Header Files\C++17</Filter>
    </ClInclude>
    <ClInclude Include="FoldExpressions.h">
      <Filter>Header Files\C++17</Filter>
    </ClInclude>
    <ClInclude Include="UpdatedSmartPointer.h">
      <Filter>Header Files\C++14</Filter>
    </ClInclude>
    <ClInclude Include="CXX20.h">
      <Filter>Header Files\C++20</Filter>
    </ClInclude>
    <ClInclude Include="Concepts.h">
      <Filter>Header Files\C++20</Filter>
    </ClInclude>
    <ClInclude Include="Coroutines.h">
      <Filter>Header Files\C++20</Filter>
    </ClInclude>
    <ClInclude Include="StrategyPattern.h">
      <Filter>Header Files\DesignPatterns</Filter>
    </ClInclude>
  </ItemGroup>
</Project>